// !$*UTF8*$!
{
	archiveVersion = 1;
	classes = {
	};
	objectVersion = 46;
	objects = {

/* Begin PBXBuildFile section */
		3FE5F1CE1CF58FB30000C079 /* main.m in Sources */ = {isa = PBXBuildFile; fileRef = 3FE5F1CD1CF58FB30000C079 /* main.m */; };
		3FE5F1D11CF58FB30000C079 /* AppDelegate.m in Sources */ = {isa = PBXBuildFile; fileRef = 3FE5F1D01CF58FB30000C079 /* AppDelegate.m */; };
		3FE5F1D41CF58FB30000C079 /* ViewController.m in Sources */ = {isa = PBXBuildFile; fileRef = 3FE5F1D31CF58FB30000C079 /* ViewController.m */; };
		3FE5F1D71CF58FB30000C079 /* Main.storyboard in Resources */ = {isa = PBXBuildFile; fileRef = 3FE5F1D51CF58FB30000C079 /* Main.storyboard */; };
		3FE5F1D91CF58FB30000C079 /* Assets.xcassets in Resources */ = {isa = PBXBuildFile; fileRef = 3FE5F1D81CF58FB30000C079 /* Assets.xcassets */; };
		3FE5F1DC1CF58FB30000C079 /* LaunchScreen.storyboard in Resources */ = {isa = PBXBuildFile; fileRef = 3FE5F1DA1CF58FB30000C079 /* LaunchScreen.storyboard */; };
		3FE5F1E71CF58FB30000C079 /* JJTestTests.m in Sources */ = {isa = PBXBuildFile; fileRef = 3FE5F1E61CF58FB30000C079 /* JJTestTests.m */; };
		3FE5F1F21CF58FB30000C079 /* JJTestUITests.m in Sources */ = {isa = PBXBuildFile; fileRef = 3FE5F1F11CF58FB30000C079 /* JJTestUITests.m */; };
		3FE5F2011CF591F80000C079 /* FirstViewController.m in Sources */ = {isa = PBXBuildFile; fileRef = 3FE5F2001CF591F80000C079 /* FirstViewController.m */; settings = {ASSET_TAGS = (); }; };
/* End PBXBuildFile section */

/* Begin PBXContainerItemProxy section */
		3FE5F1E31CF58FB30000C079 /* PBXContainerItemProxy */ = {
			isa = PBXContainerItemProxy;
			containerPortal = 3FE5F1C11CF58FB30000C079 /* Project object */;
			proxyType = 1;
			remoteGlobalIDString = 3FE5F1C81CF58FB30000C079;
			remoteInfo = JJTest;
		};
		3FE5F1EE1CF58FB30000C079 /* PBXContainerItemProxy */ = {
			isa = PBXContainerItemProxy;
			containerPortal = 3FE5F1C11CF58FB30000C079 /* Project object */;
			proxyType = 1;
			remoteGlobalIDString = 3FE5F1C81CF58FB30000C079;
			remoteInfo = JJTest;
		};
/* End PBXContainerItemProxy section */

/* Begin PBXFileReference section */
		3FE5F1C91CF58FB30000C079 /* JJTest.app */ = {isa = PBXFileReference; explicitFileType = wrapper.application; includeInIndex = 0; path = JJTest.app; sourceTree = BUILT_PRODUCTS_DIR; };
		3FE5F1CD1CF58FB30000C079 /* main.m */ = {isa = PBXFileReference; lastKnownFileType = sourcecode.c.objc; path = main.m; sourceTree = "<group>"; };
		3FE5F1CF1CF58FB30000C079 /* AppDelegate.h */ = {isa = PBXFileReference; lastKnownFileType = sourcecode.c.h; path = AppDelegate.h; sourceTree = "<group>"; };
		3FE5F1D01CF58FB30000C079 /* AppDelegate.m */ = {isa = PBXFileReference; lastKnownFileType = sourcecode.c.objc; path = AppDelegate.m; sourceTree = "<group>"; };
		3FE5F1D21CF58FB30000C079 /* ViewController.h */ = {isa = PBXFileReference; lastKnownFileType = sourcecode.c.h; path = ViewController.h; sourceTree = "<group>"; };
		3FE5F1D31CF58FB30000C079 /* ViewController.m */ = {isa = PBXFileReference; lastKnownFileType = sourcecode.c.objc; path = ViewController.m; sourceTree = "<group>"; };
		3FE5F1D61CF58FB30000C079 /* Base */ = {isa = PBXFileReference; lastKnownFileType = file.storyboard; name = Base; path = Base.lproj/Main.storyboard; sourceTree = "<group>"; };
		3FE5F1D81CF58FB30000C079 /* Assets.xcassets */ = {isa = PBXFileReference; lastKnownFileType = folder.assetcatalog; path = Assets.xcassets; sourceTree = "<group>"; };
		3FE5F1DB1CF58FB30000C079 /* Base */ = {isa = PBXFileReference; lastKnownFileType = file.storyboard; name = Base; path = Base.lproj/LaunchScreen.storyboard; sourceTree = "<group>"; };
		3FE5F1DD1CF58FB30000C079 /* Info.plist */ = {isa = PBXFileReference; lastKnownFileType = text.plist.xml; path = Info.plist; sourceTree = "<group>"; };
		3FE5F1E21CF58FB30000C079 /* JJTestTests.xctest */ = {isa = PBXFileReference; explicitFileType = wrapper.cfbundle; includeInIndex = 0; path = JJTestTests.xctest; sourceTree = BUILT_PRODUCTS_DIR; };
		3FE5F1E61CF58FB30000C079 /* JJTestTests.m */ = {isa = PBXFileReference; lastKnownFileType = sourcecode.c.objc; path = JJTestTests.m; sourceTree = "<group>"; };
		3FE5F1E81CF58FB30000C079 /* Info.plist */ = {isa = PBXFileReference; lastKnownFileType = text.plist.xml; path = Info.plist; sourceTree = "<group>"; };
		3FE5F1ED1CF58FB30000C079 /* JJTestUITests.xctest */ = {isa = PBXFileReference; explicitFileType = wrapper.cfbundle; includeInIndex = 0; path = JJTestUITests.xctest; sourceTree = BUILT_PRODUCTS_DIR; };
		3FE5F1F11CF58FB30000C079 /* JJTestUITests.m */ = {isa = PBXFileReference; lastKnownFileType = sourcecode.c.objc; path = JJTestUITests.m; sourceTree = "<group>"; };
		3FE5F1F31CF58FB30000C079 /* Info.plist */ = {isa = PBXFileReference; lastKnownFileType = text.plist.xml; path = Info.plist; sourceTree = "<group>"; };
		3FE5F1FF1CF591F80000C079 /* FirstViewController.h */ = {isa = PBXFileReference; fileEncoding = 4; lastKnownFileType = sourcecode.c.h; path = FirstViewController.h; sourceTree = "<group>"; };
		3FE5F2001CF591F80000C079 /* FirstViewController.m */ = {isa = PBXFileReference; fileEncoding = 4; lastKnownFileType = sourcecode.c.objc; path = FirstViewController.m; sourceTree = "<group>"; };
/* End PBXFileReference section */

/* Begin PBXFrameworksBuildPhase section */
		3FE5F1C61CF58FB30000C079 /* Frameworks */ = {
			isa = PBXFrameworksBuildPhase;
			buildActionMask = 2147483647;
			files = (
			);
			runOnlyForDeploymentPostprocessing = 0;
		};
		3FE5F1DF1CF58FB30000C079 /* Frameworks */ = {
			isa = PBXFrameworksBuildPhase;
			buildActionMask = 2147483647;
			files = (
			);
			runOnlyForDeploymentPostprocessing = 0;
		};
		3FE5F1EA1CF58FB30000C079 /* Frameworks */ = {
			isa = PBXFrameworksBuildPhase;
			buildActionMask = 2147483647;
			files = (
			);
			runOnlyForDeploymentPostprocessing = 0;
		};
/* End PBXFrameworksBuildPhase section */

/* Begin PBXGroup section */
		3FE5F1C01CF58FB30000C079 = {
			isa = PBXGroup;
			children = (
				3FE5F1CB1CF58FB30000C079 /* JJTest */,
				3FE5F1E51CF58FB30000C079 /* JJTestTests */,
				3FE5F1F01CF58FB30000C079 /* JJTestUITests */,
				3FE5F1CA1CF58FB30000C079 /* Products */,
			);
			sourceTree = "<group>";
		};
		3FE5F1CA1CF58FB30000C079 /* Products */ = {
			isa = PBXGroup;
			children = (
				3FE5F1C91CF58FB30000C079 /* JJTest.app */,
				3FE5F1E21CF58FB30000C079 /* JJTestTests.xctest */,
				3FE5F1ED1CF58FB30000C079 /* JJTestUITests.xctest */,
			);
			name = Products;
			sourceTree = "<group>";
		};
		3FE5F1CB1CF58FB30000C079 /* JJTest */ = {
			isa = PBXGroup;
			children = (
				3FE5F1CF1CF58FB30000C079 /* AppDelegate.h */,
				3FE5F1D01CF58FB30000C079 /* AppDelegate.m */,
				3FE5F1D21CF58FB30000C079 /* ViewController.h */,
				3FE5F1D31CF58FB30000C079 /* ViewController.m */,
				3FE5F1FF1CF591F80000C079 /* FirstViewController.h */,
				3FE5F2001CF591F80000C079 /* FirstViewController.m */,
				3FE5F1D51CF58FB30000C079 /* Main.storyboard */,
				3FE5F1D81CF58FB30000C079 /* Assets.xcassets */,
				3FE5F1DA1CF58FB30000C079 /* LaunchScreen.storyboard */,
				3FE5F1DD1CF58FB30000C079 /* Info.plist */,
				3FE5F1CC1CF58FB30000C079 /* Supporting Files */,
			);
			path = JJTest;
			sourceTree = "<group>";
		};
		3FE5F1CC1CF58FB30000C079 /* Supporting Files */ = {
			isa = PBXGroup;
			children = (
				3FE5F1CD1CF58FB30000C079 /* main.m */,
			);
			name = "Supporting Files";
			sourceTree = "<group>";
		};
		3FE5F1E51CF58FB30000C079 /* JJTestTests */ = {
			isa = PBXGroup;
			children = (
				3FE5F1E61CF58FB30000C079 /* JJTestTests.m */,
				3FE5F1E81CF58FB30000C079 /* Info.plist */,
			);
			path = JJTestTests;
			sourceTree = "<group>";
		};
		3FE5F1F01CF58FB30000C079 /* JJTestUITests */ = {
			isa = PBXGroup;
			children = (
				3FE5F1F11CF58FB30000C079 /* JJTestUITests.m */,
				3FE5F1F31CF58FB30000C079 /* Info.plist */,
			);
			path = JJTestUITests;
			sourceTree = "<group>";
		};
/* End PBXGroup section */

/* Begin PBXNativeTarget section */
		3FE5F1C81CF58FB30000C079 /* JJTest */ = {
			isa = PBXNativeTarget;
			buildConfigurationList = 3FE5F1F61CF58FB30000C079 /* Build configuration list for PBXNativeTarget "JJTest" */;
			buildPhases = (
				3FE5F1C51CF58FB30000C079 /* Sources */,
				3FE5F1C61CF58FB30000C079 /* Frameworks */,
				3FE5F1C71CF58FB30000C079 /* Resources */,
			);
			buildRules = (
			);
			dependencies = (
			);
			name = JJTest;
			productName = JJTest;
			productReference = 3FE5F1C91CF58FB30000C079 /* JJTest.app */;
			productType = "com.apple.product-type.application";
		};
		3FE5F1E11CF58FB30000C079 /* JJTestTests */ = {
			isa = PBXNativeTarget;
			buildConfigurationList = 3FE5F1F91CF58FB30000C079 /* Build configuration list for PBXNativeTarget "JJTestTests" */;
			buildPhases = (
				3FE5F1DE1CF58FB30000C079 /* Sources */,
				3FE5F1DF1CF58FB30000C079 /* Frameworks */,
				3FE5F1E01CF58FB30000C079 /* Resources */,
			);
			buildRules = (
			);
			dependencies = (
				3FE5F1E41CF58FB30000C079 /* PBXTargetDependency */,
			);
			name = JJTestTests;
			productName = JJTestTests;
			productReference = 3FE5F1E21CF58FB30000C079 /* JJTestTests.xctest */;
			productType = "com.apple.product-type.bundle.unit-test";
		};
		3FE5F1EC1CF58FB30000C079 /* JJTestUITests */ = {
			isa = PBXNativeTarget;
			buildConfigurationList = 3FE5F1FC1CF58FB30000C079 /* Build configuration list for PBXNativeTarget "JJTestUITests" */;
			buildPhases = (
				3FE5F1E91CF58FB30000C079 /* Sources */,
				3FE5F1EA1CF58FB30000C079 /* Frameworks */,
				3FE5F1EB1CF58FB30000C079 /* Resources */,
			);
			buildRules = (
			);
			dependencies = (
				3FE5F1EF1CF58FB30000C079 /* PBXTargetDependency */,
			);
			name = JJTestUITests;
			productName = JJTestUITests;
			productReference = 3FE5F1ED1CF58FB30000C079 /* JJTestUITests.xctest */;
			productType = "com.apple.product-type.bundle.ui-testing";
		};
/* End PBXNativeTarget section */

/* Begin PBXProject section */
		3FE5F1C11CF58FB30000C079 /* Project object */ = {
			isa = PBXProject;
			attributes = {
				LastUpgradeCheck = 0700;
				ORGANIZATIONNAME = "邓健豪";
				TargetAttributes = {
					3FE5F1C81CF58FB30000C079 = {
						CreatedOnToolsVersion = 7.0.1;
						DevelopmentTeam = JQAQL2B676;
					};
					3FE5F1E11CF58FB30000C079 = {
						CreatedOnToolsVersion = 7.0.1;
						DevelopmentTeam = JQAQL2B676;
						TestTargetID = 3FE5F1C81CF58FB30000C079;
					};
					3FE5F1EC1CF58FB30000C079 = {
						CreatedOnToolsVersion = 7.0.1;
						DevelopmentTeam = JQAQL2B676;
						TestTargetID = 3FE5F1C81CF58FB30000C079;
					};
				};
			};
			buildConfigurationList = 3FE5F1C41CF58FB30000C079 /* Build configuration list for PBXProject "JJTest" */;
			compatibilityVersion = "Xcode 3.2";
			developmentRegion = English;
			hasScannedForEncodings = 0;
			knownRegions = (
				en,
				Base,
			);
			mainGroup = 3FE5F1C01CF58FB30000C079;
			productRefGroup = 3FE5F1CA1CF58FB30000C079 /* Products */;
			projectDirPath = "";
			projectRoot = "";
			targets = (
				3FE5F1C81CF58FB30000C079 /* JJTest */,
				3FE5F1E11CF58FB30000C079 /* JJTestTests */,
				3FE5F1EC1CF58FB30000C079 /* JJTestUITests */,
			);
		};
/* End PBXProject section */

/* Begin PBXResourcesBuildPhase section */
		3FE5F1C71CF58FB30000C079 /* Resources */ = {
			isa = PBXResourcesBuildPhase;
			buildActionMask = 2147483647;
			files = (
				3FE5F1DC1CF58FB30000C079 /* LaunchScreen.storyboard in Resources */,
				3FE5F1D91CF58FB30000C079 /* Assets.xcassets in Resources */,
				3FE5F1D71CF58FB30000C079 /* Main.storyboard in Resources */,
			);
			runOnlyForDeploymentPostprocessing = 0;
		};
		3FE5F1E01CF58FB30000C079 /* Resources */ = {
			isa = PBXResourcesBuildPhase;
			buildActionMask = 2147483647;
			files = (
			);
			runOnlyForDeploymentPostprocessing = 0;
		};
		3FE5F1EB1CF58FB30000C079 /* Resources */ = {
			isa = PBXResourcesBuildPhase;
			buildActionMask = 2147483647;
			files = (
			);
			runOnlyForDeploymentPostprocessing = 0;
		};
/* End PBXResourcesBuildPhase section */

/* Begin PBXSourcesBuildPhase section */
		3FE5F1C51CF58FB30000C079 /* Sources */ = {
			isa = PBXSourcesBuildPhase;
			buildActionMask = 2147483647;
			files = (
				3FE5F1D41CF58FB30000C079 /* ViewController.m in Sources */,
				3FE5F1D11CF58FB30000C079 /* AppDelegate.m in Sources */,
				3FE5F1CE1CF58FB30000C079 /* main.m in Sources */,
				3FE5F2011CF591F80000C079 /* FirstViewController.m in Sources */,
			);
			runOnlyForDeploymentPostprocessing = 0;
		};
		3FE5F1DE1CF58FB30000C079 /* Sources */ = {
			isa = PBXSourcesBuildPhase;
			buildActionMask = 2147483647;
			files = (
				3FE5F1E71CF58FB30000C079 /* JJTestTests.m in Sources */,
			);
			runOnlyForDeploymentPostprocessing = 0;
		};
		3FE5F1E91CF58FB30000C079 /* Sources */ = {
			isa = PBXSourcesBuildPhase;
			buildActionMask = 2147483647;
			files = (
				3FE5F1F21CF58FB30000C079 /* JJTestUITests.m in Sources */,
			);
			runOnlyForDeploymentPostprocessing = 0;
		};
/* End PBXSourcesBuildPhase section */

/* Begin PBXTargetDependency section */
		3FE5F1E41CF58FB30000C079 /* PBXTargetDependency */ = {
			isa = PBXTargetDependency;
			target = 3FE5F1C81CF58FB30000C079 /* JJTest */;
			targetProxy = 3FE5F1E31CF58FB30000C079 /* PBXContainerItemProxy */;
		};
		3FE5F1EF1CF58FB30000C079 /* PBXTargetDependency */ = {
			isa = PBXTargetDependency;
			target = 3FE5F1C81CF58FB30000C079 /* JJTest */;
			targetProxy = 3FE5F1EE1CF58FB30000C079 /* PBXContainerItemProxy */;
		};
/* End PBXTargetDependency section */

/* Begin PBXVariantGroup section */
		3FE5F1D51CF58FB30000C079 /* Main.storyboard */ = {
			isa = PBXVariantGroup;
			children = (
				3FE5F1D61CF58FB30000C079 /* Base */,
			);
			name = Main.storyboard;
			sourceTree = "<group>";
		};
		3FE5F1DA1CF58FB30000C079 /* LaunchScreen.storyboard */ = {
			isa = PBXVariantGroup;
			children = (
				3FE5F1DB1CF58FB30000C079 /* Base */,
			);
			name = LaunchScreen.storyboard;
			sourceTree = "<group>";
		};
/* End PBXVariantGroup section */

/* Begin XCBuildConfiguration section */
		3FE5F1F41CF58FB30000C079 /* Debug */ = {
			isa = XCBuildConfiguration;
			buildSettings = {
				ALWAYS_SEARCH_USER_PATHS = NO;
				CLANG_CXX_LANGUAGE_STANDARD = "gnu++0x";
				CLANG_CXX_LIBRARY = "libc++";
				CLANG_ENABLE_MODULES = YES;
				CLANG_ENABLE_OBJC_ARC = YES;
				CLANG_WARN_BOOL_CONVERSION = YES;
				CLANG_WARN_CONSTANT_CONVERSION = YES;
				CLANG_WARN_DIRECT_OBJC_ISA_USAGE = YES_ERROR;
				CLANG_WARN_EMPTY_BODY = YES;
				CLANG_WARN_ENUM_CONVERSION = YES;
				CLANG_WARN_INT_CONVERSION = YES;
				CLANG_WARN_OBJC_ROOT_CLASS = YES_ERROR;
				CLANG_WARN_UNREACHABLE_CODE = YES;
				CLANG_WARN__DUPLICATE_METHOD_MATCH = YES;
				"CODE_SIGN_IDENTITY[sdk=iphoneos*]" = "iPhone Developer";
				COPY_PHASE_STRIP = NO;
				DEBUG_INFORMATION_FORMAT = dwarf;
				ENABLE_STRICT_OBJC_MSGSEND = YES;
				ENABLE_TESTABILITY = YES;
				GCC_C_LANGUAGE_STANDARD = gnu99;
				GCC_DYNAMIC_NO_PIC = NO;
				GCC_NO_COMMON_BLOCKS = YES;
				GCC_OPTIMIZATION_LEVEL = 0;
				GCC_PREPROCESSOR_DEFINITIONS = (
					"DEBUG=1",
					"$(inherited)",
				);
				GCC_WARN_64_TO_32_BIT_CONVERSION = YES;
				GCC_WARN_ABOUT_RETURN_TYPE = YES_ERROR;
				GCC_WARN_UNDECLARED_SELECTOR = YES;
				GCC_WARN_UNINITIALIZED_AUTOS = YES_AGGRESSIVE;
				GCC_WARN_UNUSED_FUNCTION = YES;
				GCC_WARN_UNUSED_VARIABLE = YES;
				IPHONEOS_DEPLOYMENT_TARGET = 9.0;
				MTL_ENABLE_DEBUG_INFO = YES;
				ONLY_ACTIVE_ARCH = YES;
				SDKROOT = iphoneos;
			};
			name = Debug;
		};
		3FE5F1F51CF58FB30000C079 /* Release */ = {
			isa = XCBuildConfiguration;
			buildSettings = {
				ALWAYS_SEARCH_USER_PATHS = NO;
				CLANG_CXX_LANGUAGE_STANDARD = "gnu++0x";
				CLANG_CXX_LIBRARY = "libc++";
				CLANG_ENABLE_MODULES = YES;
				CLANG_ENABLE_OBJC_ARC = YES;
				CLANG_WARN_BOOL_CONVERSION = YES;
				CLANG_WARN_CONSTANT_CONVERSION = YES;
				CLANG_WARN_DIRECT_OBJC_ISA_USAGE = YES_ERROR;
				CLANG_WARN_EMPTY_BODY = YES;
				CLANG_WARN_ENUM_CONVERSION = YES;
				CLANG_WARN_INT_CONVERSION = YES;
				CLANG_WARN_OBJC_ROOT_CLASS = YES_ERROR;
				CLANG_WARN_UNREACHABLE_CODE = YES;
				CLANG_WARN__DUPLICATE_METHOD_MATCH = YES;
				"CODE_SIGN_IDENTITY[sdk=iphoneos*]" = "iPhone Developer";
				COPY_PHASE_STRIP = NO;
				DEBUG_INFORMATION_FORMAT = "dwarf-with-dsym";
				ENABLE_NS_ASSERTIONS = NO;
				ENABLE_STRICT_OBJC_MSGSEND = YES;
				GCC_C_LANGUAGE_STANDARD = gnu99;
				GCC_NO_COMMON_BLOCKS = YES;
				GCC_WARN_64_TO_32_BIT_CONVERSION = YES;
				GCC_WARN_ABOUT_RETURN_TYPE = YES_ERROR;
				GCC_WARN_UNDECLARED_SELECTOR = YES;
				GCC_WARN_UNINITIALIZED_AUTOS = YES_AGGRESSIVE;
				GCC_WARN_UNUSED_FUNCTION = YES;
				GCC_WARN_UNUSED_VARIABLE = YES;
				IPHONEOS_DEPLOYMENT_TARGET = 9.0;
				MTL_ENABLE_DEBUG_INFO = NO;
				SDKROOT = iphoneos;
				VALIDATE_PRODUCT = YES;
			};
			name = Release;
		};
		3FE5F1F71CF58FB30000C079 /* Debug */ = {
			isa = XCBuildConfiguration;
			buildSettings = {
				ASSETCATALOG_COMPILER_APPICON_NAME = AppIcon;
				INFOPLIST_FILE = JJTest/Info.plist;
				LD_RUNPATH_SEARCH_PATHS = "$(inherited) @executable_path/Frameworks";
				PRODUCT_BUNDLE_IDENTIFIER = JJ.JJTest;
				PRODUCT_NAME = "$(TARGET_NAME)";
			};
			name = Debug;
		};
		3FE5F1F81CF58FB30000C079 /* Release */ = {
			isa = XCBuildConfiguration;
			buildSettings = {
				ASSETCATALOG_COMPILER_APPICON_NAME = AppIcon;
				INFOPLIST_FILE = JJTest/Info.plist;
				LD_RUNPATH_SEARCH_PATHS = "$(inherited) @executable_path/Frameworks";
				PRODUCT_BUNDLE_IDENTIFIER = JJ.JJTest;
				PRODUCT_NAME = "$(TARGET_NAME)";
			};
			name = Release;
		};
		3FE5F1FA1CF58FB30000C079 /* Debug */ = {
			isa = XCBuildConfiguration;
			buildSettings = {
				BUNDLE_LOADER = "$(TEST_HOST)";
				INFOPLIST_FILE = JJTestTests/Info.plist;
				LD_RUNPATH_SEARCH_PATHS = "$(inherited) @executable_path/Frameworks @loader_path/Frameworks";
				PRODUCT_BUNDLE_IDENTIFIER = JJ.JJTestTests;
				PRODUCT_NAME = "$(TARGET_NAME)";
				TEST_HOST = "$(BUILT_PRODUCTS_DIR)/JJTest.app/JJTest";
			};
			name = Debug;
		};
		3FE5F1FB1CF58FB30000C079 /* Release */ = {
			isa = XCBuildConfiguration;
			buildSettings = {
				BUNDLE_LOADER = "$(TEST_HOST)";
				INFOPLIST_FILE = JJTestTests/Info.plist;
				LD_RUNPATH_SEARCH_PATHS = "$(inherited) @executable_path/Frameworks @loader_path/Frameworks";
				PRODUCT_BUNDLE_IDENTIFIER = JJ.JJTestTests;
				PRODUCT_NAME = "$(TARGET_NAME)";
				TEST_HOST = "$(BUILT_PRODUCTS_DIR)/JJTest.app/JJTest";
			};
			name = Release;
		};
		3FE5F1FD1CF58FB30000C079 /* Debug */ = {
			isa = XCBuildConfiguration;
			buildSettings = {
				INFOPLIST_FILE = JJTestUITests/Info.plist;
				LD_RUNPATH_SEARCH_PATHS = "$(inherited) @executable_path/Frameworks @loader_path/Frameworks";
				PRODUCT_BUNDLE_IDENTIFIER = JJ.JJTestUITests;
				PRODUCT_NAME = "$(TARGET_NAME)";
				TEST_TARGET_NAME = JJTest;
				USES_XCTRUNNER = YES;
			};
			name = Debug;
		};
		3FE5F1FE1CF58FB30000C079 /* Release */ = {
			isa = XCBuildConfiguration;
			buildSettings = {
				INFOPLIST_FILE = JJTestUITests/Info.plist;
				LD_RUNPATH_SEARCH_PATHS = "$(inherited) @executable_path/Frameworks @loader_path/Frameworks";
				PRODUCT_BUNDLE_IDENTIFIER = JJ.JJTestUITests;
				PRODUCT_NAME = "$(TARGET_NAME)";
				TEST_TARGET_NAME = JJTest;
				USES_XCTRUNNER = YES;
			};
			name = Release;
		};
/* End XCBuildConfiguration section */

/* Begin XCConfigurationList section */
		3FE5F1C41CF58FB30000C079 /* Build configuration list for PBXProject "JJTest" */ = {
			isa = XCConfigurationList;
			buildConfigurations = (
				3FE5F1F41CF58FB30000C079 /* Debug */,
				3FE5F1F51CF58FB30000C079 /* Release */,
			);
			defaultConfigurationIsVisible = 0;
			defaultConfigurationName = Release;
		};
		3FE5F1F61CF58FB30000C079 /* Build configuration list for PBXNativeTarget "JJTest" */ = {
			isa = XCConfigurationList;
			buildConfigurations = (
				3FE5F1F71CF58FB30000C079 /* Debug */,
				3FE5F1F81CF58FB30000C079 /* Release */,
			);
			defaultConfigurationIsVisible = 0;
			defaultConfigurationName = Release;
		};
		3FE5F1F91CF58FB30000C079 /* Build configuration list for PBXNativeTarget "JJTestTests" */ = {
			isa = XCConfigurationList;
			buildConfigurations = (
				3FE5F1FA1CF58FB30000C079 /* Debug */,
				3FE5F1FB1CF58FB30000C079 /* Release */,
			);
			defaultConfigurationIsVisible = 0;
			defaultConfigurationName = Release;
		};
		3FE5F1FC1CF58FB30000C079 /* Build configuration list for PBXNativeTarget "JJTestUITests" */ = {
			isa = XCConfigurationList;
			buildConfigurations = (
				3FE5F1FD1CF58FB30000C079 /* Debug */,
				3FE5F1FE1CF58FB30000C079 /* Release */,
			);
			defaultConfigurationIsVisible = 0;
			defaultConfigurationName = Release;
		};
/* End XCConfigurationList section */
	};
	rootObject = 3FE5F1C11CF58FB30000C079 /* Project object */;
}
